
Microsoft Visual Studio Solution File, Format Version 12.00
# Visual Studio 15
VisualStudioVersion = 15.0.27130.2027
MinimumVisualStudioVersion = 10.0.40219.1
Project("{FAE04EC0-301F-11D3-BF4B-00C04F79EFBC}") = "WhiteStone", "WhiteStone\WhiteStone.csproj", "{D699BE0C-9704-4846-83FA-47857CF77034}"
EndProject
Project("{FAE04EC0-301F-11D3-BF4B-00C04F79EFBC}") = "WhiteStone.Tasks", "WhiteStone.Tasks\WhiteStone.Tasks.csproj", "{2BCA3E43-315C-46DC-B362-B4E9A8ABF497}"
EndProject
Project("{FAE04EC0-301F-11D3-BF4B-00C04F79EFBC}") = "WhiteStone.Test", "WhiteStone.Test\WhiteStone.Test.csproj", "{92519479-5D3B-4AB4-984D-28452EE6A7EE}"
EndProject
Project("{FAE04EC0-301F-11D3-BF4B-00C04F79EFBC}") = "WhiteStone.UI.Container", "WhiteStone.UI.Container\WhiteStone.UI.Container.csproj", "{4AD4B4A3-EF7C-4FF7-AFCE-8041B25E9C6B}"
EndProject
Project("{FAE04EC0-301F-11D3-BF4B-00C04F79EFBC}") = "CustomUIMarkupLanguage", "CustomUIMarkupLanguage\CustomUIMarkupLanguage.csproj", "{36620A93-C165-4FC0-8DF8-7BD784F4ABDE}"
EndProject
Project("{FAE04EC0-301F-11D3-BF4B-00C04F79EFBC}") = "CustomUIMarkupLanguage.Test", "CustomUIMarkupLanguage.Test\CustomUIMarkupLanguage.Test.csproj", "{54A42D52-3859-4F7E-BFF5-CE6D5C8E0FB7}"
EndProject
Global
	GlobalSection(SolutionConfigurationPlatforms) = preSolution
		Debug|Any CPU = Debug|Any CPU
		Release|Any CPU = Release|Any CPU
	EndGlobalSection
	GlobalSection(ProjectConfigurationPlatforms) = postSolution
		{D699BE0C-9704-4846-83FA-47857CF77034}.Debug|Any CPU.ActiveCfg = Debug|Any CPU
		{D699BE0C-9704-4846-83FA-47857CF77034}.Debug|Any CPU.Build.0 = Debug|Any CPU
		{D699BE0C-9704-4846-83FA-47857CF77034}.Release|Any CPU.ActiveCfg = Release|Any CPU
		{D699BE0C-9704-4846-83FA-47857CF77034}.Release|Any CPU.Build.0 = Release|Any CPU
		{2BCA3E43-315C-46DC-B362-B4E9A8ABF497}.Debug|Any CPU.ActiveCfg = Debug|Any CPU
		{2BCA3E43-315C-46DC-B362-B4E9A8ABF497}.Debug|Any CPU.Build.0 = Debug|Any CPU
		{2BCA3E43-315C-46DC-B362-B4E9A8ABF497}.Release|Any CPU.ActiveCfg = Release|Any CPU
		{2BCA3E43-315C-46DC-B362-B4E9A8ABF497}.Release|Any CPU.Build.0 = Release|Any CPU
		{92519479-5D3B-4AB4-984D-28452EE6A7EE}.Debug|Any CPU.ActiveCfg = Debug|Any CPU
		{92519479-5D3B-4AB4-984D-28452EE6A7EE}.Debug|Any CPU.Build.0 = Debug|Any CPU
		{92519479-5D3B-4AB4-984D-28452EE6A7EE}.Release|Any CPU.ActiveCfg = Release|Any CPU
		{92519479-5D3B-4AB4-984D-28452EE6A7EE}.Release|Any CPU.Build.0 = Release|Any CPU
		{4AD4B4A3-EF7C-4FF7-AFCE-8041B25E9C6B}.Debug|Any CPU.ActiveCfg = Debug|Any CPU
		{4AD4B4A3-EF7C-4FF7-AFCE-8041B25E9C6B}.Debug|Any CPU.Build.0 = Debug|Any CPU
		{4AD4B4A3-EF7C-4FF7-AFCE-8041B25E9C6B}.Release|Any CPU.ActiveCfg = Release|Any CPU
		{4AD4B4A3-EF7C-4FF7-AFCE-8041B25E9C6B}.Release|Any CPU.Build.0 = Release|Any CPU
		{36620A93-C165-4FC0-8DF8-7BD784F4ABDE}.Debug|Any CPU.ActiveCfg = Debug|Any CPU
		{36620A93-C165-4FC0-8DF8-7BD784F4ABDE}.Debug|Any CPU.Build.0 = Debug|Any CPU
		{36620A93-C165-4FC0-8DF8-7BD784F4ABDE}.Release|Any CPU.ActiveCfg = Release|Any CPU
		{36620A93-C165-4FC0-8DF8-7BD784F4ABDE}.Release|Any CPU.Build.0 = Release|Any CPU
		{54A42D52-3859-4F7E-BFF5-CE6D5C8E0FB7}.Debug|Any CPU.ActiveCfg = Debug|Any CPU
		{54A42D52-3859-4F7E-BFF5-CE6D5C8E0FB7}.Debug|Any CPU.Build.0 = Debug|Any CPU
		{54A42D52-3859-4F7E-BFF5-CE6D5C8E0FB7}.Release|Any CPU.ActiveCfg = Release|Any CPU
		{54A42D52-3859-4F7E-BFF5-CE6D5C8E0FB7}.Release|Any CPU.Build.0 = Release|Any CPU
	EndGlobalSection
	GlobalSection(SolutionProperties) = preSolution
		HideSolutionNode = FALSE
	EndGlobalSection
	GlobalSection(ExtensibilityGlobals) = postSolution
		SolutionGuid = {E99F1A76-5583-4A26-83F8-63F06418DABF}
	EndGlobalSection
EndGlobal
